Microsoft Visual Studio Solution File, Format Version 11.00
# Visual Studio 2008

Project("{03ABE354-33CE-9510-CD39-6B8F2BEFE8CB}") = "sqarzio", "Assembly-CSharp.csproj", "{BF229911-2B01-CD39-D50C-8898DA09EA2F}"
EndProject
Global
	GlobalSection(SolutionConfigurationPlatforms) = preSolution
		Debug|Any CPU = Debug|Any CPU
		Release|Any CPU = Release|Any CPU
	EndGlobalSection
	GlobalSection(ProjectConfigurationPlatforms) = postSolution
		{BF229911-2B01-CD39-D50C-8898DA09EA2F}.Debug|Any CPU.ActiveCfg = Debug|Any CPU
		{BF229911-2B01-CD39-D50C-8898DA09EA2F}.Debug|Any CPU.Build.0 = Debug|Any CPU
		{BF229911-2B01-CD39-D50C-8898DA09EA2F}.Release|Any CPU.ActiveCfg = Release|Any CPU
		{BF229911-2B01-CD39-D50C-8898DA09EA2F}.Release|Any CPU.Build.0 = Release|Any CPU
	EndGlobalSection
	GlobalSection(SolutionProperties) = preSolution
		HideSolutionNode = FALSE
	EndGlobalSection
	GlobalSection(MonoDevelopProperties) = preSolution
		StartupItem = Assembly-CSharp.csproj
	EndGlobalSection
EndGlobal
